
Microsoft Visual Studio Solution File, Format Version 12.00
# Visual Studio Version 16
VisualStudioVersion = 16.0.31729.503
MinimumVisualStudioVersion = 10.0.40219.1
Project("{FAE04EC0-301F-11D3-BF4B-00C04F79EFBC}") = "UnitTestProject", "UnitTestProject\UnitTestProject.csproj", "{27579846-7CB1-4254-AB23-64AA30679774}"
EndProject
Project("{FAE04EC0-301F-11D3-BF4B-00C04F79EFBC}") = "AdventOfCodeConsole", "AdventOfCodeConsole\AdventOfCodeConsole.csproj", "{7B6FB39C-DEAA-483F-B855-C059B69A706F}"
EndProject
Project("{FAE04EC0-301F-11D3-BF4B-00C04F79EFBC}") = "AdventOfCode", "AdventOfCode\AdventOfCode.csproj", "{21641C01-22C4-41AE-833E-9834063235ED}"
EndProject
Global
	GlobalSection(SolutionConfigurationPlatforms) = preSolution
		Debug|Any CPU = Debug|Any CPU
		Release|Any CPU = Release|Any CPU
	EndGlobalSection
	GlobalSection(ProjectConfigurationPlatforms) = postSolution
		{27579846-7CB1-4254-AB23-64AA30679774}.Debug|Any CPU.ActiveCfg = Debug|Any CPU
		{27579846-7CB1-4254-AB23-64AA30679774}.Debug|Any CPU.Build.0 = Debug|Any CPU
		{27579846-7CB1-4254-AB23-64AA30679774}.Release|Any CPU.ActiveCfg = Release|Any CPU
		{27579846-7CB1-4254-AB23-64AA30679774}.Release|Any CPU.Build.0 = Release|Any CPU
		{7B6FB39C-DEAA-483F-B855-C059B69A706F}.Debug|Any CPU.ActiveCfg = Debug|Any CPU
		{7B6FB39C-DEAA-483F-B855-C059B69A706F}.Debug|Any CPU.Build.0 = Debug|Any CPU
		{7B6FB39C-DEAA-483F-B855-C059B69A706F}.Release|Any CPU.ActiveCfg = Release|Any CPU
		{7B6FB39C-DEAA-483F-B855-C059B69A706F}.Release|Any CPU.Build.0 = Release|Any CPU
		{21641C01-22C4-41AE-833E-9834063235ED}.Debug|Any CPU.ActiveCfg = Debug|Any CPU
		{21641C01-22C4-41AE-833E-9834063235ED}.Debug|Any CPU.Build.0 = Debug|Any CPU
		{21641C01-22C4-41AE-833E-9834063235ED}.Release|Any CPU.ActiveCfg = Release|Any CPU
		{21641C01-22C4-41AE-833E-9834063235ED}.Release|Any CPU.Build.0 = Release|Any CPU
	EndGlobalSection
	GlobalSection(SolutionProperties) = preSolution
		HideSolutionNode = FALSE
	EndGlobalSection
	GlobalSection(ExtensibilityGlobals) = postSolution
		SolutionGuid = {4200968A-A43C-44B9-B8F1-C94ADE7C4077}
	EndGlobalSection
EndGlobal
